
Microsoft Visual Studio Solution File, Format Version 12.00
# Visual Studio Version 17
VisualStudioVersion = 17.11.35312.102
MinimumVisualStudioVersion = 10.0.40219.1
Project("{FAE04EC0-301F-11D3-BF4B-00C04F79EFBC}") = "TaskManager", "TaskManager\TaskManager.csproj", "{F06D1F05-1A1E-48CA-9EFA-E0A4546A2B68}"
EndProject
Global
	GlobalSection(SolutionConfigurationPlatforms) = preSolution
		Debug|Any CPU = Debug|Any CPU
		Release|Any CPU = Release|Any CPU
	EndGlobalSection
	GlobalSection(ProjectConfigurationPlatforms) = postSolution
		{F06D1F05-1A1E-48CA-9EFA-E0A4546A2B68}.Debug|Any CPU.ActiveCfg = Debug|Any CPU
		{F06D1F05-1A1E-48CA-9EFA-E0A4546A2B68}.Debug|Any CPU.Build.0 = Debug|Any CPU
		{F06D1F05-1A1E-48CA-9EFA-E0A4546A2B68}.Release|Any CPU.ActiveCfg = Release|Any CPU
		{F06D1F05-1A1E-48CA-9EFA-E0A4546A2B68}.Release|Any CPU.Build.0 = Release|Any CPU
	EndGlobalSection
	GlobalSection(SolutionProperties) = preSolution
		HideSolutionNode = FALSE
	EndGlobalSection
	GlobalSection(ExtensibilityGlobals) = postSolution
		SolutionGuid = {1E2E412C-C7D1-4313-9564-C154727AA715}
	EndGlobalSection
EndGlobal
